
Microsoft Visual Studio Solution File, Format Version 12.00
# Visual Studio 15
VisualStudioVersion = 15.0.28307.271
MinimumVisualStudioVersion = 10.0.40219.1
Project("{9A19103F-16F7-4668-BE54-9A1E7A4F7556}") = "BattleShipDeluxeSlimVersion", "BattleShipDeluxeSlimVersion\BattleShipDeluxeSlimVersion.csproj", "{277A925F-4C1C-4837-B7D6-733E42788D58}"
EndProject
Global
	GlobalSection(SolutionConfigurationPlatforms) = preSolution
		Debug|Any CPU = Debug|Any CPU
		Release|Any CPU = Release|Any CPU
	EndGlobalSection
	GlobalSection(ProjectConfigurationPlatforms) = postSolution
		{277A925F-4C1C-4837-B7D6-733E42788D58}.Debug|Any CPU.ActiveCfg = Debug|Any CPU
		{277A925F-4C1C-4837-B7D6-733E42788D58}.Debug|Any CPU.Build.0 = Debug|Any CPU
		{277A925F-4C1C-4837-B7D6-733E42788D58}.Release|Any CPU.ActiveCfg = Release|Any CPU
		{277A925F-4C1C-4837-B7D6-733E42788D58}.Release|Any CPU.Build.0 = Release|Any CPU
	EndGlobalSection
	GlobalSection(SolutionProperties) = preSolution
		HideSolutionNode = FALSE
	EndGlobalSection
	GlobalSection(ExtensibilityGlobals) = postSolution
		SolutionGuid = {E39E0049-E309-44BA-A0D7-080E015567F1}
	EndGlobalSection
EndGlobal
